
Microsoft Visual Studio Solution File, Format Version 12.00
# Visual Studio Version 17
VisualStudioVersion = 17.1.32328.378
MinimumVisualStudioVersion = 10.0.40219.1
Project("{FAE04EC0-301F-11D3-BF4B-00C04F79EFBC}") = "Vehicles", "Pojazdy\Vehicles.csproj", "{2AD43484-4420-4391-A598-F3925204784E}"
EndProject
Global
	GlobalSection(SolutionConfigurationPlatforms) = preSolution
		Debug|Any CPU = Debug|Any CPU
		Release|Any CPU = Release|Any CPU
	EndGlobalSection
	GlobalSection(ProjectConfigurationPlatforms) = postSolution
		{2AD43484-4420-4391-A598-F3925204784E}.Debug|Any CPU.ActiveCfg = Debug|Any CPU
		{2AD43484-4420-4391-A598-F3925204784E}.Debug|Any CPU.Build.0 = Debug|Any CPU
		{2AD43484-4420-4391-A598-F3925204784E}.Release|Any CPU.ActiveCfg = Release|Any CPU
		{2AD43484-4420-4391-A598-F3925204784E}.Release|Any CPU.Build.0 = Release|Any CPU
	EndGlobalSection
	GlobalSection(SolutionProperties) = preSolution
		HideSolutionNode = FALSE
	EndGlobalSection
	GlobalSection(ExtensibilityGlobals) = postSolution
		SolutionGuid = {C6537F4D-1996-4B75-B19D-82C69E6463DC}
	EndGlobalSection
EndGlobal
